
Microsoft Visual Studio Solution File, Format Version 12.00
# Visual Studio Version 17
VisualStudioVersion = 17.6.33829.357
MinimumVisualStudioVersion = 10.0.40219.1
Project("{888888A0-9F3D-457C-B088-3A5042F75D52}") = "MIDI_handler", "MIDI_handler.pyproj", "{20965D57-09FE-4C76-BCB1-278EE55CB743}"
EndProject
Global
	GlobalSection(SolutionConfigurationPlatforms) = preSolution
		Debug|Any CPU = Debug|Any CPU
		Release|Any CPU = Release|Any CPU
	EndGlobalSection
	GlobalSection(ProjectConfigurationPlatforms) = postSolution
		{20965D57-09FE-4C76-BCB1-278EE55CB743}.Debug|Any CPU.ActiveCfg = Debug|Any CPU
		{20965D57-09FE-4C76-BCB1-278EE55CB743}.Release|Any CPU.ActiveCfg = Release|Any CPU
	EndGlobalSection
	GlobalSection(SolutionProperties) = preSolution
		HideSolutionNode = FALSE
	EndGlobalSection
	GlobalSection(ExtensibilityGlobals) = postSolution
		SolutionGuid = {6D6F8F74-E762-4093-AF37-383A72594BB5}
	EndGlobalSection
EndGlobal
