
Microsoft Visual Studio Solution File, Format Version 12.00
# Visual Studio Version 17
VisualStudioVersion = 17.6.33829.357
MinimumVisualStudioVersion = 10.0.40219.1
Project("{888888A0-9F3D-457C-B088-3A5042F75D52}") = "DP", "DP.pyproj", "{EC057B25-A664-4B55-B81D-EE019BD3FFAA}"
EndProject
Global
	GlobalSection(SolutionConfigurationPlatforms) = preSolution
		Debug|Any CPU = Debug|Any CPU
		Release|Any CPU = Release|Any CPU
	EndGlobalSection
	GlobalSection(ProjectConfigurationPlatforms) = postSolution
		{EC057B25-A664-4B55-B81D-EE019BD3FFAA}.Debug|Any CPU.ActiveCfg = Debug|Any CPU
		{EC057B25-A664-4B55-B81D-EE019BD3FFAA}.Release|Any CPU.ActiveCfg = Release|Any CPU
	EndGlobalSection
	GlobalSection(SolutionProperties) = preSolution
		HideSolutionNode = FALSE
	EndGlobalSection
	GlobalSection(ExtensibilityGlobals) = postSolution
		SolutionGuid = {2C3DF7D7-6FBC-4E0A-970F-A3A6F41E7609}
	EndGlobalSection
EndGlobal
